
Microsoft Visual Studio Solution File, Format Version 12.00
# Visual Studio 2012
Project("{FAE04EC0-301F-11D3-BF4B-00C04F79EFBC}") = "InfectionsClient", "InfectionsClient\InfectionsClient.csproj", "{3452218E-9087-4C2E-BBB7-4B8A81B7A9A9}"
EndProject
Project("{FAE04EC0-301F-11D3-BF4B-00C04F79EFBC}") = "InfectionsLib", "InfectionsLib\InfectionsLib.csproj", "{AB0C6D81-84B5-4EB0-A544-49E74CF72850}"
EndProject
Global
	GlobalSection(SolutionConfigurationPlatforms) = preSolution
		Debug|Any CPU = Debug|Any CPU
		Release|Any CPU = Release|Any CPU
	EndGlobalSection
	GlobalSection(ProjectConfigurationPlatforms) = postSolution
		{3452218E-9087-4C2E-BBB7-4B8A81B7A9A9}.Debug|Any CPU.ActiveCfg = Debug|Any CPU
		{3452218E-9087-4C2E-BBB7-4B8A81B7A9A9}.Debug|Any CPU.Build.0 = Debug|Any CPU
		{3452218E-9087-4C2E-BBB7-4B8A81B7A9A9}.Release|Any CPU.ActiveCfg = Release|Any CPU
		{3452218E-9087-4C2E-BBB7-4B8A81B7A9A9}.Release|Any CPU.Build.0 = Release|Any CPU
		{AB0C6D81-84B5-4EB0-A544-49E74CF72850}.Debug|Any CPU.ActiveCfg = Debug|Any CPU
		{AB0C6D81-84B5-4EB0-A544-49E74CF72850}.Debug|Any CPU.Build.0 = Debug|Any CPU
		{AB0C6D81-84B5-4EB0-A544-49E74CF72850}.Release|Any CPU.ActiveCfg = Release|Any CPU
		{AB0C6D81-84B5-4EB0-A544-49E74CF72850}.Release|Any CPU.Build.0 = Release|Any CPU
	EndGlobalSection
	GlobalSection(SolutionProperties) = preSolution
		HideSolutionNode = FALSE
	EndGlobalSection
EndGlobal
